
Microsoft Visual Studio Solution File, Format Version 12.00
# Visual Studio Version 17
VisualStudioVersion = 17.13.35919.96
MinimumVisualStudioVersion = 10.0.40219.1
Project("{FAE04EC0-301F-11D3-BF4B-00C04F79EFBC}") = "AutoUnzip", "AutoUnzip\AutoUnzip.csproj", "{02C641CF-E0E8-43B1-ADA1-517094357957}"
EndProject
Project("{FAE04EC0-301F-11D3-BF4B-00C04F79EFBC}") = "QuickSort", "QuickSort\QuickSort.csproj", "{28FD2139-E099-445B-B6ED-0D60EB1F6594}"
EndProject
Global
	GlobalSection(SolutionConfigurationPlatforms) = preSolution
		Debug|Any CPU = Debug|Any CPU
		Release|Any CPU = Release|Any CPU
	EndGlobalSection
	GlobalSection(ProjectConfigurationPlatforms) = postSolution
		{02C641CF-E0E8-43B1-ADA1-517094357957}.Debug|Any CPU.ActiveCfg = Debug|Any CPU
		{02C641CF-E0E8-43B1-ADA1-517094357957}.Debug|Any CPU.Build.0 = Debug|Any CPU
		{02C641CF-E0E8-43B1-ADA1-517094357957}.Release|Any CPU.ActiveCfg = Release|Any CPU
		{02C641CF-E0E8-43B1-ADA1-517094357957}.Release|Any CPU.Build.0 = Release|Any CPU
		{28FD2139-E099-445B-B6ED-0D60EB1F6594}.Debug|Any CPU.ActiveCfg = Debug|Any CPU
		{28FD2139-E099-445B-B6ED-0D60EB1F6594}.Debug|Any CPU.Build.0 = Debug|Any CPU
		{28FD2139-E099-445B-B6ED-0D60EB1F6594}.Release|Any CPU.ActiveCfg = Release|Any CPU
		{28FD2139-E099-445B-B6ED-0D60EB1F6594}.Release|Any CPU.Build.0 = Release|Any CPU
	EndGlobalSection
	GlobalSection(SolutionProperties) = preSolution
		HideSolutionNode = FALSE
	EndGlobalSection
	GlobalSection(ExtensibilityGlobals) = postSolution
		SolutionGuid = {33C84935-A195-4310-999D-61165CDD93B8}
	EndGlobalSection
EndGlobal
